
Microsoft Visual Studio Solution File, Format Version 11.00
# Visual Studio 2010
Project("{FAE04EC0-301F-11D3-BF4B-00C04F79EFBC}") = "Oculus.VR", "Oculus.VR.csproj", "{69C3DC3B-E8E5-535E-0184-B259B3FAC8ED}"
EndProject
Project("{FAE04EC0-301F-11D3-BF4B-00C04F79EFBC}") = "Assembly-CSharp", "Assembly-CSharp.csproj", "{54F856F2-4059-D67E-8B02-E0CA989807A2}"
EndProject
Project("{FAE04EC0-301F-11D3-BF4B-00C04F79EFBC}") = "Oculus.VR.Scripts.Editor", "Oculus.VR.Scripts.Editor.csproj", "{59568275-286E-C4B5-AC74-0AD96200D0EF}"
EndProject
Project("{FAE04EC0-301F-11D3-BF4B-00C04F79EFBC}") = "Oculus.VR.Editor", "Oculus.VR.Editor.csproj", "{FB5E00C2-0499-E446-E0D4-17674B96BAF9}"
EndProject
Global
	GlobalSection(SolutionConfigurationPlatforms) = preSolution
		Debug|Any CPU = Debug|Any CPU
		Release|Any CPU = Release|Any CPU
	EndGlobalSection
	GlobalSection(ProjectConfigurationPlatforms) = postSolution
		{69C3DC3B-E8E5-535E-0184-B259B3FAC8ED}.Debug|Any CPU.ActiveCfg = Debug|Any CPU
		{69C3DC3B-E8E5-535E-0184-B259B3FAC8ED}.Debug|Any CPU.Build.0 = Debug|Any CPU
		{69C3DC3B-E8E5-535E-0184-B259B3FAC8ED}.Release|Any CPU.ActiveCfg = Release|Any CPU
		{69C3DC3B-E8E5-535E-0184-B259B3FAC8ED}.Release|Any CPU.Build.0 = Release|Any CPU
		{54F856F2-4059-D67E-8B02-E0CA989807A2}.Debug|Any CPU.ActiveCfg = Debug|Any CPU
		{54F856F2-4059-D67E-8B02-E0CA989807A2}.Debug|Any CPU.Build.0 = Debug|Any CPU
		{54F856F2-4059-D67E-8B02-E0CA989807A2}.Release|Any CPU.ActiveCfg = Release|Any CPU
		{54F856F2-4059-D67E-8B02-E0CA989807A2}.Release|Any CPU.Build.0 = Release|Any CPU
		{59568275-286E-C4B5-AC74-0AD96200D0EF}.Debug|Any CPU.ActiveCfg = Debug|Any CPU
		{59568275-286E-C4B5-AC74-0AD96200D0EF}.Debug|Any CPU.Build.0 = Debug|Any CPU
		{59568275-286E-C4B5-AC74-0AD96200D0EF}.Release|Any CPU.ActiveCfg = Release|Any CPU
		{59568275-286E-C4B5-AC74-0AD96200D0EF}.Release|Any CPU.Build.0 = Release|Any CPU
		{FB5E00C2-0499-E446-E0D4-17674B96BAF9}.Debug|Any CPU.ActiveCfg = Debug|Any CPU
		{FB5E00C2-0499-E446-E0D4-17674B96BAF9}.Debug|Any CPU.Build.0 = Debug|Any CPU
		{FB5E00C2-0499-E446-E0D4-17674B96BAF9}.Release|Any CPU.ActiveCfg = Release|Any CPU
		{FB5E00C2-0499-E446-E0D4-17674B96BAF9}.Release|Any CPU.Build.0 = Release|Any CPU
	EndGlobalSection
	GlobalSection(SolutionProperties) = preSolution
		HideSolutionNode = FALSE
	EndGlobalSection
	GlobalSection(MonoDevelopProperties) = preSolution
		StartupItem = Assembly-CSharp.csproj
	EndGlobalSection
EndGlobal
